
Microsoft Visual Studio Solution File, Format Version 12.00
# Visual Studio 15
Project("{FAE04EC0-301F-11D3-BF4B-00C04F79EFBC}") = "Assembly-CSharp-Editor", "Assembly-CSharp-Editor.csproj", "{947B557B-E387-2AF2-3350-2DAA24D2FCEB}"
EndProject
Project("{FAE04EC0-301F-11D3-BF4B-00C04F79EFBC}") = "Assembly-CSharp", "Assembly-CSharp.csproj", "{4EF7E60B-DE62-CE44-F5F9-4A8FCC023FB1}"
EndProject
Global
	GlobalSection(SolutionConfigurationPlatforms) = preSolution
		Debug|Any CPU = Debug|Any CPU
		Release|Any CPU = Release|Any CPU
	EndGlobalSection
	GlobalSection(ProjectConfigurationPlatforms) = postSolution
		{947B557B-E387-2AF2-3350-2DAA24D2FCEB}.Debug|Any CPU.ActiveCfg = Debug|Any CPU
		{947B557B-E387-2AF2-3350-2DAA24D2FCEB}.Debug|Any CPU.Build.0 = Debug|Any CPU
		{947B557B-E387-2AF2-3350-2DAA24D2FCEB}.Release|Any CPU.ActiveCfg = Release|Any CPU
		{947B557B-E387-2AF2-3350-2DAA24D2FCEB}.Release|Any CPU.Build.0 = Release|Any CPU
		{4EF7E60B-DE62-CE44-F5F9-4A8FCC023FB1}.Debug|Any CPU.ActiveCfg = Debug|Any CPU
		{4EF7E60B-DE62-CE44-F5F9-4A8FCC023FB1}.Debug|Any CPU.Build.0 = Debug|Any CPU
		{4EF7E60B-DE62-CE44-F5F9-4A8FCC023FB1}.Release|Any CPU.ActiveCfg = Release|Any CPU
		{4EF7E60B-DE62-CE44-F5F9-4A8FCC023FB1}.Release|Any CPU.Build.0 = Release|Any CPU
	EndGlobalSection
	GlobalSection(SolutionProperties) = preSolution
		HideSolutionNode = FALSE
	EndGlobalSection
EndGlobal
